
Microsoft Visual Studio Solution File, Format Version 12.00
# Visual Studio Version 17
VisualStudioVersion = 17.3.32611.2
MinimumVisualStudioVersion = 10.0.40219.1
Project("{9A19103F-16F7-4668-BE54-9A1E7A4F7556}") = "GunterAPI", "GunterAPI\GunterAPI.csproj", "{92687F42-9B09-40D6-BD58-16D07EC46229}"
EndProject
Project("{9A19103F-16F7-4668-BE54-9A1E7A4F7556}") = "GunterAPI.Domain", "GunterAPI.Domain\GunterAPI.Domain.csproj", "{BFC68664-EEFE-437A-A226-B04614B2AC8A}"
EndProject
Project("{9A19103F-16F7-4668-BE54-9A1E7A4F7556}") = "GunterAPI.Infrastructure", "GunterAPI.Infrastructure\GunterAPI.Infrastructure.csproj", "{66D5FEE7-58D4-4260-ADC5-229B1F2F9F90}"
EndProject
Project("{9A19103F-16F7-4668-BE54-9A1E7A4F7556}") = "Gunter.Extensions.InfoSources", "Gunter.Extensions.InfoSources\Gunter.Extensions.InfoSources.csproj", "{0D2696E6-EEA3-4D42-ABE0-91991E4AA97F}"
EndProject
Project("{9A19103F-16F7-4668-BE54-9A1E7A4F7556}") = "Gunter.Extensions.Common", "Gunter.Extensions.Common\Gunter.Extensions.Common.csproj", "{BB3C1FEE-6281-4CF7-97F7-402793CFA5CC}"
EndProject
Project("{9A19103F-16F7-4668-BE54-9A1E7A4F7556}") = "Gunter.Extensions.Models", "Gunter.Extensions.Models\Gunter.Extensions.Models.csproj", "{B21F9B77-DBCC-4E58-B32D-5C958E8CB5BF}"
EndProject
Project("{9A19103F-16F7-4668-BE54-9A1E7A4F7556}") = "Gunter.UI", "GunterUI\Gunter.UI.csproj", "{AD46B56E-EAC4-4992-A5B2-9D36962E4CC0}"
EndProject
Project("{9A19103F-16F7-4668-BE54-9A1E7A4F7556}") = "Gunter.Core", "Gunter.Core\Gunter.Core.csproj", "{3832E9BE-9AEB-4D7D-859C-522A985F0D8B}"
EndProject
Project("{9A19103F-16F7-4668-BE54-9A1E7A4F7556}") = "Gunter.Core.Infrastructure", "Gunter.Infrastructure\Gunter.Core.Infrastructure.csproj", "{865E2B23-7465-4F81-9347-11DF5557D0CE}"
EndProject
Project("{2150E333-8FDC-42A3-9474-1A3956D46DE8}") = "API", "API", "{3A49370A-4DB8-409D-962E-49666B34C5E6}"
EndProject
Project("{2150E333-8FDC-42A3-9474-1A3956D46DE8}") = "Core", "Core", "{4DC9CBD9-F428-482F-BAC5-90F77B27AA6B}"
EndProject
Project("{9A19103F-16F7-4668-BE54-9A1E7A4F7556}") = "Gunter.Extensions.Visualization", "Gunter.Extensions.Visualization\Gunter.Extensions.Visualization.csproj", "{1A6B706E-4391-417E-AD8A-1DFE5506C65F}"
EndProject
Project("{9A19103F-16F7-4668-BE54-9A1E7A4F7556}") = "Gunter.Core.Models", "Gunter.Core.Models\Gunter.Core.Models.csproj", "{1A38F0C6-1784-4031-924D-48E5B70762E5}"
EndProject
Project("{9A19103F-16F7-4668-BE54-9A1E7A4F7556}") = "Gunter.Extensions.InfoSources.Specialized", "Gunter.Extensions.InfoSources.Specialized\Gunter.Extensions.InfoSources.Specialized.csproj", "{02DD29EF-4845-45B7-9AB3-4647920BE6C6}"
EndProject
Project("{2150E333-8FDC-42A3-9474-1A3956D46DE8}") = "Extensions", "Extensions", "{8E5428B9-226E-4891-BC0D-5C7C96790698}"
EndProject
Project("{9A19103F-16F7-4668-BE54-9A1E7A4F7556}") = "Gunter.Console", "Gunter.Console\Gunter.Console.csproj", "{3B5EC0E2-4654-401C-A924-1D5C95EBF66F}"
EndProject
Project("{9A19103F-16F7-4668-BE54-9A1E7A4F7556}") = "Gunter.Core.Messaging", "Gunter.Core.Messaging\Gunter.Core.Messaging.csproj", "{EB182E37-20E0-4D18-86B1-0212E4F2DFFF}"
EndProject
Project("{9A19103F-16F7-4668-BE54-9A1E7A4F7556}") = "Gunter.Core.Solutions", "Gunter.Core.Solutions\Gunter.Core.Solutions.csproj", "{2DBE9082-8749-4BBD-A249-186EBD1DD3F3}"
EndProject
Project("{2150E333-8FDC-42A3-9474-1A3956D46DE8}") = "Plugins", "Plugins", "{648B7C30-61A7-4C59-BD73-DAA79ACE8F16}"
EndProject
Project("{9A19103F-16F7-4668-BE54-9A1E7A4F7556}") = "Gunter.Extensions.Plugins.MarketStack", "Gunter.Extensions.Plugins.MarketStack\Gunter.Extensions.Plugins.MarketStack.csproj", "{72046112-BCD3-4B8E-873A-908B25EEE7C4}"
EndProject
Project("{9A19103F-16F7-4668-BE54-9A1E7A4F7556}") = "Gunter.Extensions.ML", "Gunter.Extensions.ML\Gunter.Extensions.ML.csproj", "{8526A9F9-269A-47F2-85BE-EAFE5F022F93}"
EndProject
Project("{9A19103F-16F7-4668-BE54-9A1E7A4F7556}") = "Gunter.Extensions.Plugins.WindowsPerformanceCounters", "Gunter.Extensions.Plugins.WindowsPerformanceCounters\Gunter.Extensions.Plugins.WindowsPerformanceCounters.csproj", "{9DA30207-7043-48C0-A11A-21DD3F0FF267}"
EndProject
Project("{2150E333-8FDC-42A3-9474-1A3956D46DE8}") = "WindowsUI", "WindowsUI", "{150164FA-7B1D-4C68-B453-947DF39D506E}"
EndProject
Project("{9A19103F-16F7-4668-BE54-9A1E7A4F7556}") = "JsonTreeView", "..\..\Json-Editor\JsonTreeView\JsonTreeView.csproj", "{821FD4F1-4B5A-4612-A354-0C5A9E009E5E}"
EndProject
Project("{9A19103F-16F7-4668-BE54-9A1E7A4F7556}") = "Gunter.Extensions.Plugins.ScriptExecution", "Gunter.Extensions.Plugins.ScriptExecution\Gunter.Extensions.Plugins.ScriptExecution.csproj", "{DE6AD50E-DFD1-47DD-B08A-F9DA4FF876C7}"
EndProject
Project("{FAE04EC0-301F-11D3-BF4B-00C04F79EFBC}") = "Gunter.Core.Cache", "Gunter.Core.Cache\Gunter.Core.Cache.csproj", "{0FB4D2FC-6A63-4B4E-BA45-08DFCBA17856}"
EndProject
Global
	GlobalSection(SolutionConfigurationPlatforms) = preSolution
		Debug|Any CPU = Debug|Any CPU
		Debug|x86 = Debug|x86
		Release|Any CPU = Release|Any CPU
		Release|x86 = Release|x86
	EndGlobalSection
	GlobalSection(ProjectConfigurationPlatforms) = postSolution
		{92687F42-9B09-40D6-BD58-16D07EC46229}.Debug|Any CPU.ActiveCfg = Debug|Any CPU
		{92687F42-9B09-40D6-BD58-16D07EC46229}.Debug|Any CPU.Build.0 = Debug|Any CPU
		{92687F42-9B09-40D6-BD58-16D07EC46229}.Debug|x86.ActiveCfg = Debug|Any CPU
		{92687F42-9B09-40D6-BD58-16D07EC46229}.Debug|x86.Build.0 = Debug|Any CPU
		{92687F42-9B09-40D6-BD58-16D07EC46229}.Release|Any CPU.ActiveCfg = Release|Any CPU
		{92687F42-9B09-40D6-BD58-16D07EC46229}.Release|Any CPU.Build.0 = Release|Any CPU
		{92687F42-9B09-40D6-BD58-16D07EC46229}.Release|x86.ActiveCfg = Release|Any CPU
		{92687F42-9B09-40D6-BD58-16D07EC46229}.Release|x86.Build.0 = Release|Any CPU
		{BFC68664-EEFE-437A-A226-B04614B2AC8A}.Debug|Any CPU.ActiveCfg = Debug|Any CPU
		{BFC68664-EEFE-437A-A226-B04614B2AC8A}.Debug|Any CPU.Build.0 = Debug|Any CPU
		{BFC68664-EEFE-437A-A226-B04614B2AC8A}.Debug|x86.ActiveCfg = Debug|Any CPU
		{BFC68664-EEFE-437A-A226-B04614B2AC8A}.Debug|x86.Build.0 = Debug|Any CPU
		{BFC68664-EEFE-437A-A226-B04614B2AC8A}.Release|Any CPU.ActiveCfg = Release|Any CPU
		{BFC68664-EEFE-437A-A226-B04614B2AC8A}.Release|Any CPU.Build.0 = Release|Any CPU
		{BFC68664-EEFE-437A-A226-B04614B2AC8A}.Release|x86.ActiveCfg = Release|Any CPU
		{BFC68664-EEFE-437A-A226-B04614B2AC8A}.Release|x86.Build.0 = Release|Any CPU
		{66D5FEE7-58D4-4260-ADC5-229B1F2F9F90}.Debug|Any CPU.ActiveCfg = Debug|Any CPU
		{66D5FEE7-58D4-4260-ADC5-229B1F2F9F90}.Debug|Any CPU.Build.0 = Debug|Any CPU
		{66D5FEE7-58D4-4260-ADC5-229B1F2F9F90}.Debug|x86.ActiveCfg = Debug|Any CPU
		{66D5FEE7-58D4-4260-ADC5-229B1F2F9F90}.Debug|x86.Build.0 = Debug|Any CPU
		{66D5FEE7-58D4-4260-ADC5-229B1F2F9F90}.Release|Any CPU.ActiveCfg = Release|Any CPU
		{66D5FEE7-58D4-4260-ADC5-229B1F2F9F90}.Release|Any CPU.Build.0 = Release|Any CPU
		{66D5FEE7-58D4-4260-ADC5-229B1F2F9F90}.Release|x86.ActiveCfg = Release|Any CPU
		{66D5FEE7-58D4-4260-ADC5-229B1F2F9F90}.Release|x86.Build.0 = Release|Any CPU
		{0D2696E6-EEA3-4D42-ABE0-91991E4AA97F}.Debug|Any CPU.ActiveCfg = Debug|Any CPU
		{0D2696E6-EEA3-4D42-ABE0-91991E4AA97F}.Debug|Any CPU.Build.0 = Debug|Any CPU
		{0D2696E6-EEA3-4D42-ABE0-91991E4AA97F}.Debug|x86.ActiveCfg = Debug|Any CPU
		{0D2696E6-EEA3-4D42-ABE0-91991E4AA97F}.Debug|x86.Build.0 = Debug|Any CPU
		{0D2696E6-EEA3-4D42-ABE0-91991E4AA97F}.Release|Any CPU.ActiveCfg = Release|Any CPU
		{0D2696E6-EEA3-4D42-ABE0-91991E4AA97F}.Release|Any CPU.Build.0 = Release|Any CPU
		{0D2696E6-EEA3-4D42-ABE0-91991E4AA97F}.Release|x86.ActiveCfg = Release|Any CPU
		{0D2696E6-EEA3-4D42-ABE0-91991E4AA97F}.Release|x86.Build.0 = Release|Any CPU
		{BB3C1FEE-6281-4CF7-97F7-402793CFA5CC}.Debug|Any CPU.ActiveCfg = Debug|Any CPU
		{BB3C1FEE-6281-4CF7-97F7-402793CFA5CC}.Debug|Any CPU.Build.0 = Debug|Any CPU
		{BB3C1FEE-6281-4CF7-97F7-402793CFA5CC}.Debug|x86.ActiveCfg = Debug|Any CPU
		{BB3C1FEE-6281-4CF7-97F7-402793CFA5CC}.Debug|x86.Build.0 = Debug|Any CPU
		{BB3C1FEE-6281-4CF7-97F7-402793CFA5CC}.Release|Any CPU.ActiveCfg = Release|Any CPU
		{BB3C1FEE-6281-4CF7-97F7-402793CFA5CC}.Release|Any CPU.Build.0 = Release|Any CPU
		{BB3C1FEE-6281-4CF7-97F7-402793CFA5CC}.Release|x86.ActiveCfg = Release|Any CPU
		{BB3C1FEE-6281-4CF7-97F7-402793CFA5CC}.Release|x86.Build.0 = Release|Any CPU
		{B21F9B77-DBCC-4E58-B32D-5C958E8CB5BF}.Debug|Any CPU.ActiveCfg = Debug|Any CPU
		{B21F9B77-DBCC-4E58-B32D-5C958E8CB5BF}.Debug|Any CPU.Build.0 = Debug|Any CPU
		{B21F9B77-DBCC-4E58-B32D-5C958E8CB5BF}.Debug|x86.ActiveCfg = Debug|Any CPU
		{B21F9B77-DBCC-4E58-B32D-5C958E8CB5BF}.Debug|x86.Build.0 = Debug|Any CPU
		{B21F9B77-DBCC-4E58-B32D-5C958E8CB5BF}.Release|Any CPU.ActiveCfg = Release|Any CPU
		{B21F9B77-DBCC-4E58-B32D-5C958E8CB5BF}.Release|Any CPU.Build.0 = Release|Any CPU
		{B21F9B77-DBCC-4E58-B32D-5C958E8CB5BF}.Release|x86.ActiveCfg = Release|Any CPU
		{B21F9B77-DBCC-4E58-B32D-5C958E8CB5BF}.Release|x86.Build.0 = Release|Any CPU
		{AD46B56E-EAC4-4992-A5B2-9D36962E4CC0}.Debug|Any CPU.ActiveCfg = Debug|Any CPU
		{AD46B56E-EAC4-4992-A5B2-9D36962E4CC0}.Debug|Any CPU.Build.0 = Debug|Any CPU
		{AD46B56E-EAC4-4992-A5B2-9D36962E4CC0}.Debug|x86.ActiveCfg = Debug|Any CPU
		{AD46B56E-EAC4-4992-A5B2-9D36962E4CC0}.Debug|x86.Build.0 = Debug|Any CPU
		{AD46B56E-EAC4-4992-A5B2-9D36962E4CC0}.Release|Any CPU.ActiveCfg = Release|Any CPU
		{AD46B56E-EAC4-4992-A5B2-9D36962E4CC0}.Release|Any CPU.Build.0 = Release|Any CPU
		{AD46B56E-EAC4-4992-A5B2-9D36962E4CC0}.Release|x86.ActiveCfg = Release|Any CPU
		{AD46B56E-EAC4-4992-A5B2-9D36962E4CC0}.Release|x86.Build.0 = Release|Any CPU
		{3832E9BE-9AEB-4D7D-859C-522A985F0D8B}.Debug|Any CPU.ActiveCfg = Debug|Any CPU
		{3832E9BE-9AEB-4D7D-859C-522A985F0D8B}.Debug|Any CPU.Build.0 = Debug|Any CPU
		{3832E9BE-9AEB-4D7D-859C-522A985F0D8B}.Debug|x86.ActiveCfg = Debug|Any CPU
		{3832E9BE-9AEB-4D7D-859C-522A985F0D8B}.Debug|x86.Build.0 = Debug|Any CPU
		{3832E9BE-9AEB-4D7D-859C-522A985F0D8B}.Release|Any CPU.ActiveCfg = Release|Any CPU
		{3832E9BE-9AEB-4D7D-859C-522A985F0D8B}.Release|Any CPU.Build.0 = Release|Any CPU
		{3832E9BE-9AEB-4D7D-859C-522A985F0D8B}.Release|x86.ActiveCfg = Release|Any CPU
		{3832E9BE-9AEB-4D7D-859C-522A985F0D8B}.Release|x86.Build.0 = Release|Any CPU
		{865E2B23-7465-4F81-9347-11DF5557D0CE}.Debug|Any CPU.ActiveCfg = Debug|Any CPU
		{865E2B23-7465-4F81-9347-11DF5557D0CE}.Debug|Any CPU.Build.0 = Debug|Any CPU
		{865E2B23-7465-4F81-9347-11DF5557D0CE}.Debug|x86.ActiveCfg = Debug|Any CPU
		{865E2B23-7465-4F81-9347-11DF5557D0CE}.Debug|x86.Build.0 = Debug|Any CPU
		{865E2B23-7465-4F81-9347-11DF5557D0CE}.Release|Any CPU.ActiveCfg = Release|Any CPU
		{865E2B23-7465-4F81-9347-11DF5557D0CE}.Release|Any CPU.Build.0 = Release|Any CPU
		{865E2B23-7465-4F81-9347-11DF5557D0CE}.Release|x86.ActiveCfg = Release|Any CPU
		{865E2B23-7465-4F81-9347-11DF5557D0CE}.Release|x86.Build.0 = Release|Any CPU
		{1A6B706E-4391-417E-AD8A-1DFE5506C65F}.Debug|Any CPU.ActiveCfg = Debug|Any CPU
		{1A6B706E-4391-417E-AD8A-1DFE5506C65F}.Debug|Any CPU.Build.0 = Debug|Any CPU
		{1A6B706E-4391-417E-AD8A-1DFE5506C65F}.Debug|x86.ActiveCfg = Debug|Any CPU
		{1A6B706E-4391-417E-AD8A-1DFE5506C65F}.Debug|x86.Build.0 = Debug|Any CPU
		{1A6B706E-4391-417E-AD8A-1DFE5506C65F}.Release|Any CPU.ActiveCfg = Release|Any CPU
		{1A6B706E-4391-417E-AD8A-1DFE5506C65F}.Release|Any CPU.Build.0 = Release|Any CPU
		{1A6B706E-4391-417E-AD8A-1DFE5506C65F}.Release|x86.ActiveCfg = Release|Any CPU
		{1A6B706E-4391-417E-AD8A-1DFE5506C65F}.Release|x86.Build.0 = Release|Any CPU
		{1A38F0C6-1784-4031-924D-48E5B70762E5}.Debug|Any CPU.ActiveCfg = Debug|Any CPU
		{1A38F0C6-1784-4031-924D-48E5B70762E5}.Debug|Any CPU.Build.0 = Debug|Any CPU
		{1A38F0C6-1784-4031-924D-48E5B70762E5}.Debug|x86.ActiveCfg = Debug|Any CPU
		{1A38F0C6-1784-4031-924D-48E5B70762E5}.Debug|x86.Build.0 = Debug|Any CPU
		{1A38F0C6-1784-4031-924D-48E5B70762E5}.Release|Any CPU.ActiveCfg = Release|Any CPU
		{1A38F0C6-1784-4031-924D-48E5B70762E5}.Release|Any CPU.Build.0 = Release|Any CPU
		{1A38F0C6-1784-4031-924D-48E5B70762E5}.Release|x86.ActiveCfg = Release|Any CPU
		{1A38F0C6-1784-4031-924D-48E5B70762E5}.Release|x86.Build.0 = Release|Any CPU
		{02DD29EF-4845-45B7-9AB3-4647920BE6C6}.Debug|Any CPU.ActiveCfg = Debug|Any CPU
		{02DD29EF-4845-45B7-9AB3-4647920BE6C6}.Debug|Any CPU.Build.0 = Debug|Any CPU
		{02DD29EF-4845-45B7-9AB3-4647920BE6C6}.Debug|x86.ActiveCfg = Debug|Any CPU
		{02DD29EF-4845-45B7-9AB3-4647920BE6C6}.Debug|x86.Build.0 = Debug|Any CPU
		{02DD29EF-4845-45B7-9AB3-4647920BE6C6}.Release|Any CPU.ActiveCfg = Release|Any CPU
		{02DD29EF-4845-45B7-9AB3-4647920BE6C6}.Release|Any CPU.Build.0 = Release|Any CPU
		{02DD29EF-4845-45B7-9AB3-4647920BE6C6}.Release|x86.ActiveCfg = Release|Any CPU
		{02DD29EF-4845-45B7-9AB3-4647920BE6C6}.Release|x86.Build.0 = Release|Any CPU
		{3B5EC0E2-4654-401C-A924-1D5C95EBF66F}.Debug|Any CPU.ActiveCfg = Debug|Any CPU
		{3B5EC0E2-4654-401C-A924-1D5C95EBF66F}.Debug|Any CPU.Build.0 = Debug|Any CPU
		{3B5EC0E2-4654-401C-A924-1D5C95EBF66F}.Debug|x86.ActiveCfg = Debug|Any CPU
		{3B5EC0E2-4654-401C-A924-1D5C95EBF66F}.Debug|x86.Build.0 = Debug|Any CPU
		{3B5EC0E2-4654-401C-A924-1D5C95EBF66F}.Release|Any CPU.ActiveCfg = Release|Any CPU
		{3B5EC0E2-4654-401C-A924-1D5C95EBF66F}.Release|Any CPU.Build.0 = Release|Any CPU
		{3B5EC0E2-4654-401C-A924-1D5C95EBF66F}.Release|x86.ActiveCfg = Release|Any CPU
		{3B5EC0E2-4654-401C-A924-1D5C95EBF66F}.Release|x86.Build.0 = Release|Any CPU
		{EB182E37-20E0-4D18-86B1-0212E4F2DFFF}.Debug|Any CPU.ActiveCfg = Debug|Any CPU
		{EB182E37-20E0-4D18-86B1-0212E4F2DFFF}.Debug|Any CPU.Build.0 = Debug|Any CPU
		{EB182E37-20E0-4D18-86B1-0212E4F2DFFF}.Debug|x86.ActiveCfg = Debug|Any CPU
		{EB182E37-20E0-4D18-86B1-0212E4F2DFFF}.Debug|x86.Build.0 = Debug|Any CPU
		{EB182E37-20E0-4D18-86B1-0212E4F2DFFF}.Release|Any CPU.ActiveCfg = Release|Any CPU
		{EB182E37-20E0-4D18-86B1-0212E4F2DFFF}.Release|Any CPU.Build.0 = Release|Any CPU
		{EB182E37-20E0-4D18-86B1-0212E4F2DFFF}.Release|x86.ActiveCfg = Release|Any CPU
		{EB182E37-20E0-4D18-86B1-0212E4F2DFFF}.Release|x86.Build.0 = Release|Any CPU
		{2DBE9082-8749-4BBD-A249-186EBD1DD3F3}.Debug|Any CPU.ActiveCfg = Debug|Any CPU
		{2DBE9082-8749-4BBD-A249-186EBD1DD3F3}.Debug|Any CPU.Build.0 = Debug|Any CPU
		{2DBE9082-8749-4BBD-A249-186EBD1DD3F3}.Debug|x86.ActiveCfg = Debug|Any CPU
		{2DBE9082-8749-4BBD-A249-186EBD1DD3F3}.Debug|x86.Build.0 = Debug|Any CPU
		{2DBE9082-8749-4BBD-A249-186EBD1DD3F3}.Release|Any CPU.ActiveCfg = Release|Any CPU
		{2DBE9082-8749-4BBD-A249-186EBD1DD3F3}.Release|Any CPU.Build.0 = Release|Any CPU
		{2DBE9082-8749-4BBD-A249-186EBD1DD3F3}.Release|x86.ActiveCfg = Release|Any CPU
		{2DBE9082-8749-4BBD-A249-186EBD1DD3F3}.Release|x86.Build.0 = Release|Any CPU
		{72046112-BCD3-4B8E-873A-908B25EEE7C4}.Debug|Any CPU.ActiveCfg = Debug|Any CPU
		{72046112-BCD3-4B8E-873A-908B25EEE7C4}.Debug|Any CPU.Build.0 = Debug|Any CPU
		{72046112-BCD3-4B8E-873A-908B25EEE7C4}.Debug|x86.ActiveCfg = Debug|Any CPU
		{72046112-BCD3-4B8E-873A-908B25EEE7C4}.Debug|x86.Build.0 = Debug|Any CPU
		{72046112-BCD3-4B8E-873A-908B25EEE7C4}.Release|Any CPU.ActiveCfg = Release|Any CPU
		{72046112-BCD3-4B8E-873A-908B25EEE7C4}.Release|Any CPU.Build.0 = Release|Any CPU
		{72046112-BCD3-4B8E-873A-908B25EEE7C4}.Release|x86.ActiveCfg = Release|Any CPU
		{72046112-BCD3-4B8E-873A-908B25EEE7C4}.Release|x86.Build.0 = Release|Any CPU
		{8526A9F9-269A-47F2-85BE-EAFE5F022F93}.Debug|Any CPU.ActiveCfg = Debug|Any CPU
		{8526A9F9-269A-47F2-85BE-EAFE5F022F93}.Debug|Any CPU.Build.0 = Debug|Any CPU
		{8526A9F9-269A-47F2-85BE-EAFE5F022F93}.Debug|x86.ActiveCfg = Debug|Any CPU
		{8526A9F9-269A-47F2-85BE-EAFE5F022F93}.Debug|x86.Build.0 = Debug|Any CPU
		{8526A9F9-269A-47F2-85BE-EAFE5F022F93}.Release|Any CPU.ActiveCfg = Release|Any CPU
		{8526A9F9-269A-47F2-85BE-EAFE5F022F93}.Release|Any CPU.Build.0 = Release|Any CPU
		{8526A9F9-269A-47F2-85BE-EAFE5F022F93}.Release|x86.ActiveCfg = Release|Any CPU
		{8526A9F9-269A-47F2-85BE-EAFE5F022F93}.Release|x86.Build.0 = Release|Any CPU
		{9DA30207-7043-48C0-A11A-21DD3F0FF267}.Debug|Any CPU.ActiveCfg = Debug|Any CPU
		{9DA30207-7043-48C0-A11A-21DD3F0FF267}.Debug|Any CPU.Build.0 = Debug|Any CPU
		{9DA30207-7043-48C0-A11A-21DD3F0FF267}.Debug|x86.ActiveCfg = Debug|Any CPU
		{9DA30207-7043-48C0-A11A-21DD3F0FF267}.Debug|x86.Build.0 = Debug|Any CPU
		{9DA30207-7043-48C0-A11A-21DD3F0FF267}.Release|Any CPU.ActiveCfg = Release|Any CPU
		{9DA30207-7043-48C0-A11A-21DD3F0FF267}.Release|Any CPU.Build.0 = Release|Any CPU
		{9DA30207-7043-48C0-A11A-21DD3F0FF267}.Release|x86.ActiveCfg = Release|Any CPU
		{9DA30207-7043-48C0-A11A-21DD3F0FF267}.Release|x86.Build.0 = Release|Any CPU
		{821FD4F1-4B5A-4612-A354-0C5A9E009E5E}.Debug|Any CPU.ActiveCfg = Debug|Any CPU
		{821FD4F1-4B5A-4612-A354-0C5A9E009E5E}.Debug|Any CPU.Build.0 = Debug|Any CPU
		{821FD4F1-4B5A-4612-A354-0C5A9E009E5E}.Debug|x86.ActiveCfg = Debug|x86
		{821FD4F1-4B5A-4612-A354-0C5A9E009E5E}.Debug|x86.Build.0 = Debug|x86
		{821FD4F1-4B5A-4612-A354-0C5A9E009E5E}.Release|Any CPU.ActiveCfg = Release|Any CPU
		{821FD4F1-4B5A-4612-A354-0C5A9E009E5E}.Release|Any CPU.Build.0 = Release|Any CPU
		{821FD4F1-4B5A-4612-A354-0C5A9E009E5E}.Release|x86.ActiveCfg = Release|x86
		{821FD4F1-4B5A-4612-A354-0C5A9E009E5E}.Release|x86.Build.0 = Release|x86
		{DE6AD50E-DFD1-47DD-B08A-F9DA4FF876C7}.Debug|Any CPU.ActiveCfg = Debug|Any CPU
		{DE6AD50E-DFD1-47DD-B08A-F9DA4FF876C7}.Debug|Any CPU.Build.0 = Debug|Any CPU
		{DE6AD50E-DFD1-47DD-B08A-F9DA4FF876C7}.Debug|x86.ActiveCfg = Debug|Any CPU
		{DE6AD50E-DFD1-47DD-B08A-F9DA4FF876C7}.Debug|x86.Build.0 = Debug|Any CPU
		{DE6AD50E-DFD1-47DD-B08A-F9DA4FF876C7}.Release|Any CPU.ActiveCfg = Release|Any CPU
		{DE6AD50E-DFD1-47DD-B08A-F9DA4FF876C7}.Release|Any CPU.Build.0 = Release|Any CPU
		{DE6AD50E-DFD1-47DD-B08A-F9DA4FF876C7}.Release|x86.ActiveCfg = Release|Any CPU
		{DE6AD50E-DFD1-47DD-B08A-F9DA4FF876C7}.Release|x86.Build.0 = Release|Any CPU
		{0FB4D2FC-6A63-4B4E-BA45-08DFCBA17856}.Debug|Any CPU.ActiveCfg = Debug|Any CPU
		{0FB4D2FC-6A63-4B4E-BA45-08DFCBA17856}.Debug|Any CPU.Build.0 = Debug|Any CPU
		{0FB4D2FC-6A63-4B4E-BA45-08DFCBA17856}.Debug|x86.ActiveCfg = Debug|Any CPU
		{0FB4D2FC-6A63-4B4E-BA45-08DFCBA17856}.Debug|x86.Build.0 = Debug|Any CPU
		{0FB4D2FC-6A63-4B4E-BA45-08DFCBA17856}.Release|Any CPU.ActiveCfg = Release|Any CPU
		{0FB4D2FC-6A63-4B4E-BA45-08DFCBA17856}.Release|Any CPU.Build.0 = Release|Any CPU
		{0FB4D2FC-6A63-4B4E-BA45-08DFCBA17856}.Release|x86.ActiveCfg = Release|Any CPU
		{0FB4D2FC-6A63-4B4E-BA45-08DFCBA17856}.Release|x86.Build.0 = Release|Any CPU
	EndGlobalSection
	GlobalSection(SolutionProperties) = preSolution
		HideSolutionNode = FALSE
	EndGlobalSection
	GlobalSection(NestedProjects) = preSolution
		{92687F42-9B09-40D6-BD58-16D07EC46229} = {3A49370A-4DB8-409D-962E-49666B34C5E6}
		{BFC68664-EEFE-437A-A226-B04614B2AC8A} = {3A49370A-4DB8-409D-962E-49666B34C5E6}
		{66D5FEE7-58D4-4260-ADC5-229B1F2F9F90} = {3A49370A-4DB8-409D-962E-49666B34C5E6}
		{0D2696E6-EEA3-4D42-ABE0-91991E4AA97F} = {8E5428B9-226E-4891-BC0D-5C7C96790698}
		{BB3C1FEE-6281-4CF7-97F7-402793CFA5CC} = {8E5428B9-226E-4891-BC0D-5C7C96790698}
		{B21F9B77-DBCC-4E58-B32D-5C958E8CB5BF} = {8E5428B9-226E-4891-BC0D-5C7C96790698}
		{AD46B56E-EAC4-4992-A5B2-9D36962E4CC0} = {150164FA-7B1D-4C68-B453-947DF39D506E}
		{3832E9BE-9AEB-4D7D-859C-522A985F0D8B} = {4DC9CBD9-F428-482F-BAC5-90F77B27AA6B}
		{865E2B23-7465-4F81-9347-11DF5557D0CE} = {4DC9CBD9-F428-482F-BAC5-90F77B27AA6B}
		{1A6B706E-4391-417E-AD8A-1DFE5506C65F} = {8E5428B9-226E-4891-BC0D-5C7C96790698}
		{1A38F0C6-1784-4031-924D-48E5B70762E5} = {4DC9CBD9-F428-482F-BAC5-90F77B27AA6B}
		{02DD29EF-4845-45B7-9AB3-4647920BE6C6} = {648B7C30-61A7-4C59-BD73-DAA79ACE8F16}
		{EB182E37-20E0-4D18-86B1-0212E4F2DFFF} = {4DC9CBD9-F428-482F-BAC5-90F77B27AA6B}
		{2DBE9082-8749-4BBD-A249-186EBD1DD3F3} = {4DC9CBD9-F428-482F-BAC5-90F77B27AA6B}
		{72046112-BCD3-4B8E-873A-908B25EEE7C4} = {648B7C30-61A7-4C59-BD73-DAA79ACE8F16}
		{8526A9F9-269A-47F2-85BE-EAFE5F022F93} = {8E5428B9-226E-4891-BC0D-5C7C96790698}
		{9DA30207-7043-48C0-A11A-21DD3F0FF267} = {648B7C30-61A7-4C59-BD73-DAA79ACE8F16}
		{821FD4F1-4B5A-4612-A354-0C5A9E009E5E} = {150164FA-7B1D-4C68-B453-947DF39D506E}
		{DE6AD50E-DFD1-47DD-B08A-F9DA4FF876C7} = {648B7C30-61A7-4C59-BD73-DAA79ACE8F16}
		{0FB4D2FC-6A63-4B4E-BA45-08DFCBA17856} = {4DC9CBD9-F428-482F-BAC5-90F77B27AA6B}
	EndGlobalSection
	GlobalSection(ExtensibilityGlobals) = postSolution
		SolutionGuid = {FCCDBC49-0629-4B96-82A0-0718A49BC3F3}
	EndGlobalSection
EndGlobal
